
Microsoft Visual Studio Solution File, Format Version 12.00
# Visual Studio Version 17
VisualStudioVersion = 17.4.33403.182
MinimumVisualStudioVersion = 10.0.40219.1
Project("{9A19103F-16F7-4668-BE54-9A1E7A4F7556}") = "TravelApi", "Travel\TravelApi.csproj", "{1935AC37-D5E0-44A9-B903-221A8922C70D}"
EndProject
Project("{9A19103F-16F7-4668-BE54-9A1E7A4F7556}") = "Travel.Entities", "Travel.Entities\Travel.Entities.csproj", "{0F46914C-F3DB-44EB-8390-A6F389AE33CB}"
EndProject
Project("{9A19103F-16F7-4668-BE54-9A1E7A4F7556}") = "Travel.DataAccess", "Travel.DataAccess\Travel.DataAccess.csproj", "{559ADF0F-8171-430B-808A-D0BE8712F35F}"
EndProject
Project("{9A19103F-16F7-4668-BE54-9A1E7A4F7556}") = "Travel.Business", "Travel.Business\Travel.Business.csproj", "{1BC280BD-C493-4393-8591-DC2D7756AE64}"
EndProject
Project("{E53339B2-1760-4266-BCC7-CA923CBCF16C}") = "docker-compose", "docker-compose.dcproj", "{3E64F5F7-D91F-4318-B6F1-6130C4507531}"
EndProject
Global
	GlobalSection(SolutionConfigurationPlatforms) = preSolution
		Debug|Any CPU = Debug|Any CPU
		Release|Any CPU = Release|Any CPU
	EndGlobalSection
	GlobalSection(ProjectConfigurationPlatforms) = postSolution
		{1935AC37-D5E0-44A9-B903-221A8922C70D}.Debug|Any CPU.ActiveCfg = Debug|Any CPU
		{1935AC37-D5E0-44A9-B903-221A8922C70D}.Debug|Any CPU.Build.0 = Debug|Any CPU
		{1935AC37-D5E0-44A9-B903-221A8922C70D}.Release|Any CPU.ActiveCfg = Release|Any CPU
		{1935AC37-D5E0-44A9-B903-221A8922C70D}.Release|Any CPU.Build.0 = Release|Any CPU
		{0F46914C-F3DB-44EB-8390-A6F389AE33CB}.Debug|Any CPU.ActiveCfg = Debug|Any CPU
		{0F46914C-F3DB-44EB-8390-A6F389AE33CB}.Debug|Any CPU.Build.0 = Debug|Any CPU
		{0F46914C-F3DB-44EB-8390-A6F389AE33CB}.Release|Any CPU.ActiveCfg = Release|Any CPU
		{0F46914C-F3DB-44EB-8390-A6F389AE33CB}.Release|Any CPU.Build.0 = Release|Any CPU
		{559ADF0F-8171-430B-808A-D0BE8712F35F}.Debug|Any CPU.ActiveCfg = Debug|Any CPU
		{559ADF0F-8171-430B-808A-D0BE8712F35F}.Debug|Any CPU.Build.0 = Debug|Any CPU
		{559ADF0F-8171-430B-808A-D0BE8712F35F}.Release|Any CPU.ActiveCfg = Release|Any CPU
		{559ADF0F-8171-430B-808A-D0BE8712F35F}.Release|Any CPU.Build.0 = Release|Any CPU
		{1BC280BD-C493-4393-8591-DC2D7756AE64}.Debug|Any CPU.ActiveCfg = Debug|Any CPU
		{1BC280BD-C493-4393-8591-DC2D7756AE64}.Debug|Any CPU.Build.0 = Debug|Any CPU
		{1BC280BD-C493-4393-8591-DC2D7756AE64}.Release|Any CPU.ActiveCfg = Release|Any CPU
		{1BC280BD-C493-4393-8591-DC2D7756AE64}.Release|Any CPU.Build.0 = Release|Any CPU
		{3E64F5F7-D91F-4318-B6F1-6130C4507531}.Debug|Any CPU.ActiveCfg = Debug|Any CPU
		{3E64F5F7-D91F-4318-B6F1-6130C4507531}.Debug|Any CPU.Build.0 = Debug|Any CPU
		{3E64F5F7-D91F-4318-B6F1-6130C4507531}.Release|Any CPU.ActiveCfg = Release|Any CPU
		{3E64F5F7-D91F-4318-B6F1-6130C4507531}.Release|Any CPU.Build.0 = Release|Any CPU
	EndGlobalSection
	GlobalSection(SolutionProperties) = preSolution
		HideSolutionNode = FALSE
	EndGlobalSection
	GlobalSection(ExtensibilityGlobals) = postSolution
		SolutionGuid = {7AA5E62A-E729-467A-B1CB-5DAA8C68FBDD}
	EndGlobalSection
EndGlobal
